// !$*UTF8*$!
{
	archiveVersion = 1;
	classes = {
	};
	objectVersion = 56;
	objects = {

/* Begin PBXBuildFile section */
		7407F45B2935549F00D7FDD3 /* DraggingManager.swift in Sources */ = {isa = PBXBuildFile; fileRef = 7407F45A2935549F00D7FDD3 /* DraggingManager.swift */; };
		7407F45D293554F500D7FDD3 /* DraggingView.swift in Sources */ = {isa = PBXBuildFile; fileRef = 7407F45C293554F500D7FDD3 /* DraggingView.swift */; };
		74B2CB8329392817009AB6B7 /* WinCheckers.swift in Sources */ = {isa = PBXBuildFile; fileRef = 74B2CB8229392817009AB6B7 /* WinCheckers.swift */; };
		74B2CB8529392BEA009AB6B7 /* nouns.rtf in Resources */ = {isa = PBXBuildFile; fileRef = 74B2CB8429392BE9009AB6B7 /* nouns.rtf */; };
		74C646A92927CF1300BEF360 /* WordSpinApp.swift in Sources */ = {isa = PBXBuildFile; fileRef = 74C646A82927CF1300BEF360 /* WordSpinApp.swift */; };
		74C646AD2927CF1400BEF360 /* Assets.xcassets in Resources */ = {isa = PBXBuildFile; fileRef = 74C646AC2927CF1400BEF360 /* Assets.xcassets */; };
		74C646B02927CF1400BEF360 /* Preview Assets.xcassets in Resources */ = {isa = PBXBuildFile; fileRef = 74C646AF2927CF1400BEF360 /* Preview Assets.xcassets */; };
		74C646BD2927CF3800BEF360 /* dictionary.rtf in Resources */ = {isa = PBXBuildFile; fileRef = 74C646B82927CF3800BEF360 /* dictionary.rtf */; };
		74C646C12927CF5C00BEF360 /* String Extension.swift in Sources */ = {isa = PBXBuildFile; fileRef = 74C646C02927CF5C00BEF360 /* String Extension.swift */; };
		74D56766292E55FF0001BEE3 /* WinView.swift in Sources */ = {isa = PBXBuildFile; fileRef = 74D56765292E55FF0001BEE3 /* WinView.swift */; };
		74D56768292E56430001BEE3 /* LetterView.swift in Sources */ = {isa = PBXBuildFile; fileRef = 74D56767292E56430001BEE3 /* LetterView.swift */; };
		74D56778292E5D870001BEE3 /* Game.swift in Sources */ = {isa = PBXBuildFile; fileRef = 74D56775292E5D870001BEE3 /* Game.swift */; };
		74D56779292E5D870001BEE3 /* Word Model.swift in Sources */ = {isa = PBXBuildFile; fileRef = 74D56776292E5D870001BEE3 /* Word Model.swift */; };
		74D5677A292E5D870001BEE3 /* Letter Model.swift in Sources */ = {isa = PBXBuildFile; fileRef = 74D56777292E5D870001BEE3 /* Letter Model.swift */; };
		74D5677C2934F4170001BEE3 /* Fireworks.json in Resources */ = {isa = PBXBuildFile; fileRef = 74D5677B2934F4170001BEE3 /* Fireworks.json */; };
		74D567812934F6DC0001BEE3 /* Lottie in Frameworks */ = {isa = PBXBuildFile; productRef = 74D567802934F6DC0001BEE3 /* Lottie */; };
		74D567832934F7110001BEE3 /* LottieView.swift in Sources */ = {isa = PBXBuildFile; fileRef = 74D567822934F7110001BEE3 /* LottieView.swift */; };
		74D5678929350C680001BEE3 /* EasyDifficultyView.swift in Sources */ = {isa = PBXBuildFile; fileRef = 74D5678829350C680001BEE3 /* EasyDifficultyView.swift */; };
/* End PBXBuildFile section */

/* Begin PBXFileReference section */
		7407F45A2935549F00D7FDD3 /* DraggingManager.swift */ = {isa = PBXFileReference; lastKnownFileType = sourcecode.swift; path = DraggingManager.swift; sourceTree = "<group>"; };
		7407F45C293554F500D7FDD3 /* DraggingView.swift */ = {isa = PBXFileReference; lastKnownFileType = sourcecode.swift; path = DraggingView.swift; sourceTree = "<group>"; };
		74B2CB8229392817009AB6B7 /* WinCheckers.swift */ = {isa = PBXFileReference; lastKnownFileType = sourcecode.swift; path = WinCheckers.swift; sourceTree = "<group>"; };
		74B2CB8429392BE9009AB6B7 /* nouns.rtf */ = {isa = PBXFileReference; fileEncoding = 4; lastKnownFileType = text.rtf; name = nouns.rtf; path = Utils/nouns.rtf; sourceTree = "<group>"; };
		74C646A52927CF1300BEF360 /* WordSpin.app */ = {isa = PBXFileReference; explicitFileType = wrapper.application; includeInIndex = 0; path = WordSpin.app; sourceTree = BUILT_PRODUCTS_DIR; };
		74C646A82927CF1300BEF360 /* WordSpinApp.swift */ = {isa = PBXFileReference; lastKnownFileType = sourcecode.swift; path = WordSpinApp.swift; sourceTree = "<group>"; };
		74C646AC2927CF1400BEF360 /* Assets.xcassets */ = {isa = PBXFileReference; lastKnownFileType = folder.assetcatalog; path = Assets.xcassets; sourceTree = "<group>"; };
		74C646AF2927CF1400BEF360 /* Preview Assets.xcassets */ = {isa = PBXFileReference; lastKnownFileType = folder.assetcatalog; path = "Preview Assets.xcassets"; sourceTree = "<group>"; };
		74C646B82927CF3800BEF360 /* dictionary.rtf */ = {isa = PBXFileReference; fileEncoding = 4; lastKnownFileType = text.rtf; path = dictionary.rtf; sourceTree = "<group>"; };
		74C646C02927CF5C00BEF360 /* String Extension.swift */ = {isa = PBXFileReference; fileEncoding = 4; lastKnownFileType = sourcecode.swift; path = "String Extension.swift"; sourceTree = "<group>"; };
		74D56765292E55FF0001BEE3 /* WinView.swift */ = {isa = PBXFileReference; lastKnownFileType = sourcecode.swift; path = WinView.swift; sourceTree = "<group>"; };
		74D56767292E56430001BEE3 /* LetterView.swift */ = {isa = PBXFileReference; fileEncoding = 4; lastKnownFileType = sourcecode.swift; path = LetterView.swift; sourceTree = "<group>"; };
		74D56775292E5D870001BEE3 /* Game.swift */ = {isa = PBXFileReference; fileEncoding = 4; lastKnownFileType = sourcecode.swift; path = Game.swift; sourceTree = "<group>"; };
		74D56776292E5D870001BEE3 /* Word Model.swift */ = {isa = PBXFileReference; fileEncoding = 4; lastKnownFileType = sourcecode.swift; path = "Word Model.swift"; sourceTree = "<group>"; };
		74D56777292E5D870001BEE3 /* Letter Model.swift */ = {isa = PBXFileReference; fileEncoding = 4; lastKnownFileType = sourcecode.swift; path = "Letter Model.swift"; sourceTree = "<group>"; };
		74D5677B2934F4170001BEE3 /* Fireworks.json */ = {isa = PBXFileReference; fileEncoding = 4; lastKnownFileType = text.json; path = Fireworks.json; sourceTree = "<group>"; };
		74D567822934F7110001BEE3 /* LottieView.swift */ = {isa = PBXFileReference; lastKnownFileType = sourcecode.swift; path = LottieView.swift; sourceTree = "<group>"; };
		74D5678829350C680001BEE3 /* EasyDifficultyView.swift */ = {isa = PBXFileReference; fileEncoding = 4; lastKnownFileType = sourcecode.swift; path = EasyDifficultyView.swift; sourceTree = "<group>"; };
/* End PBXFileReference section */

/* Begin PBXFrameworksBuildPhase section */
		74C646A22927CF1300BEF360 /* Frameworks */ = {
			isa = PBXFrameworksBuildPhase;
			buildActionMask = 2147483647;
			files = (
				74D567812934F6DC0001BEE3 /* Lottie in Frameworks */,
			);
			runOnlyForDeploymentPostprocessing = 0;
		};
/* End PBXFrameworksBuildPhase section */

/* Begin PBXGroup section */
		74C6469C2927CF1300BEF360 = {
			isa = PBXGroup;
			children = (
				74C646A72927CF1300BEF360 /* WordSpin */,
				74C646A62927CF1300BEF360 /* Products */,
			);
			sourceTree = "<group>";
		};
		74C646A62927CF1300BEF360 /* Products */ = {
			isa = PBXGroup;
			children = (
				74C646A52927CF1300BEF360 /* WordSpin.app */,
			);
			name = Products;
			sourceTree = "<group>";
		};
		74C646A72927CF1300BEF360 /* WordSpin */ = {
			isa = PBXGroup;
			children = (
				74C646A82927CF1300BEF360 /* WordSpinApp.swift */,
				74D56774292E5D870001BEE3 /* Models */,
				74D56769292E565C0001BEE3 /* View */,
				74D5676B292E56770001BEE3 /* Utils */,
				74C646B82927CF3800BEF360 /* dictionary.rtf */,
				74B2CB8429392BE9009AB6B7 /* nouns.rtf */,
				74C646AC2927CF1400BEF360 /* Assets.xcassets */,
				74C646AE2927CF1400BEF360 /* Preview Content */,
			);
			path = WordSpin;
			sourceTree = "<group>";
		};
		74C646AE2927CF1400BEF360 /* Preview Content */ = {
			isa = PBXGroup;
			children = (
				74C646AF2927CF1400BEF360 /* Preview Assets.xcassets */,
			);
			path = "Preview Content";
			sourceTree = "<group>";
		};
		74D56769292E565C0001BEE3 /* View */ = {
			isa = PBXGroup;
			children = (
				7407F45C293554F500D7FDD3 /* DraggingView.swift */,
				74D5678829350C680001BEE3 /* EasyDifficultyView.swift */,
				74D56767292E56430001BEE3 /* LetterView.swift */,
				74D56765292E55FF0001BEE3 /* WinView.swift */,
			);
			path = View;
			sourceTree = "<group>";
		};
		74D5676B292E56770001BEE3 /* Utils */ = {
			isa = PBXGroup;
			children = (
				74D5677B2934F4170001BEE3 /* Fireworks.json */,
				74C646C02927CF5C00BEF360 /* String Extension.swift */,
				74D567822934F7110001BEE3 /* LottieView.swift */,
			);
			path = Utils;
			sourceTree = "<group>";
		};
		74D56774292E5D870001BEE3 /* Models */ = {
			isa = PBXGroup;
			children = (
				74D56775292E5D870001BEE3 /* Game.swift */,
				74D56776292E5D870001BEE3 /* Word Model.swift */,
				74D56777292E5D870001BEE3 /* Letter Model.swift */,
				74B2CB8229392817009AB6B7 /* WinCheckers.swift */,
				7407F45A2935549F00D7FDD3 /* DraggingManager.swift */,
			);
			path = Models;
			sourceTree = "<group>";
		};
/* End PBXGroup section */

/* Begin PBXNativeTarget section */
		74C646A42927CF1300BEF360 /* WordSpin */ = {
			isa = PBXNativeTarget;
			buildConfigurationList = 74C646B32927CF1400BEF360 /* Build configuration list for PBXNativeTarget "WordSpin" */;
			buildPhases = (
				74C646A12927CF1300BEF360 /* Sources */,
				74C646A22927CF1300BEF360 /* Frameworks */,
				74C646A32927CF1300BEF360 /* Resources */,
			);
			buildRules = (
			);
			dependencies = (
			);
			name = WordSpin;
			packageProductDependencies = (
				74D567802934F6DC0001BEE3 /* Lottie */,
			);
			productName = WordSpin;
			productReference = 74C646A52927CF1300BEF360 /* WordSpin.app */;
			productType = "com.apple.product-type.application";
		};
/* End PBXNativeTarget section */

/* Begin PBXProject section */
		74C6469D2927CF1300BEF360 /* Project object */ = {
			isa = PBXProject;
			attributes = {
				BuildIndependentTargetsInParallel = 1;
				LastSwiftUpdateCheck = 1400;
				LastUpgradeCheck = 1400;
				TargetAttributes = {
					74C646A42927CF1300BEF360 = {
						CreatedOnToolsVersion = 14.0.1;
					};
				};
			};
			buildConfigurationList = 74C646A02927CF1300BEF360 /* Build configuration list for PBXProject "WordSpin" */;
			compatibilityVersion = "Xcode 14.0";
			developmentRegion = en;
			hasScannedForEncodings = 0;
			knownRegions = (
				en,
				Base,
			);
			mainGroup = 74C6469C2927CF1300BEF360;
			packageReferences = (
				74D5677F2934F6DC0001BEE3 /* XCRemoteSwiftPackageReference "lottie-ios" */,
			);
			productRefGroup = 74C646A62927CF1300BEF360 /* Products */;
			projectDirPath = "";
			projectRoot = "";
			targets = (
				74C646A42927CF1300BEF360 /* WordSpin */,
			);
		};
/* End PBXProject section */

/* Begin PBXResourcesBuildPhase section */
		74C646A32927CF1300BEF360 /* Resources */ = {
			isa = PBXResourcesBuildPhase;
			buildActionMask = 2147483647;
			files = (
				74C646BD2927CF3800BEF360 /* dictionary.rtf in Resources */,
				74D5677C2934F4170001BEE3 /* Fireworks.json in Resources */,
				74B2CB8529392BEA009AB6B7 /* nouns.rtf in Resources */,
				74C646B02927CF1400BEF360 /* Preview Assets.xcassets in Resources */,
				74C646AD2927CF1400BEF360 /* Assets.xcassets in Resources */,
			);
			runOnlyForDeploymentPostprocessing = 0;
		};
/* End PBXResourcesBuildPhase section */

/* Begin PBXSourcesBuildPhase section */
		74C646A12927CF1300BEF360 /* Sources */ = {
			isa = PBXSourcesBuildPhase;
			buildActionMask = 2147483647;
			files = (
				74D5678929350C680001BEE3 /* EasyDifficultyView.swift in Sources */,
				7407F45B2935549F00D7FDD3 /* DraggingManager.swift in Sources */,
				74C646C12927CF5C00BEF360 /* String Extension.swift in Sources */,
				74D56778292E5D870001BEE3 /* Game.swift in Sources */,
				74D567832934F7110001BEE3 /* LottieView.swift in Sources */,
				74D56766292E55FF0001BEE3 /* WinView.swift in Sources */,
				74B2CB8329392817009AB6B7 /* WinCheckers.swift in Sources */,
				74D56768292E56430001BEE3 /* LetterView.swift in Sources */,
				7407F45D293554F500D7FDD3 /* DraggingView.swift in Sources */,
				74D56779292E5D870001BEE3 /* Word Model.swift in Sources */,
				74D5677A292E5D870001BEE3 /* Letter Model.swift in Sources */,
				74C646A92927CF1300BEF360 /* WordSpinApp.swift in Sources */,
			);
			runOnlyForDeploymentPostprocessing = 0;
		};
/* End PBXSourcesBuildPhase section */

/* Begin XCBuildConfiguration section */
		74C646B12927CF1400BEF360 /* Debug */ = {
			isa = XCBuildConfiguration;
			buildSettings = {
				ALWAYS_SEARCH_USER_PATHS = NO;
				CLANG_ANALYZER_NONNULL = YES;
				CLANG_ANALYZER_NUMBER_OBJECT_CONVERSION = YES_AGGRESSIVE;
				CLANG_CXX_LANGUAGE_STANDARD = "gnu++20";
				CLANG_ENABLE_MODULES = YES;
				CLANG_ENABLE_OBJC_ARC = YES;
				CLANG_ENABLE_OBJC_WEAK = YES;
				CLANG_WARN_BLOCK_CAPTURE_AUTORELEASING = YES;
				CLANG_WARN_BOOL_CONVERSION = YES;
				CLANG_WARN_COMMA = YES;
				CLANG_WARN_CONSTANT_CONVERSION = YES;
				CLANG_WARN_DEPRECATED_OBJC_IMPLEMENTATIONS = YES;
				CLANG_WARN_DIRECT_OBJC_ISA_USAGE = YES_ERROR;
				CLANG_WARN_DOCUMENTATION_COMMENTS = YES;
				CLANG_WARN_EMPTY_BODY = YES;
				CLANG_WARN_ENUM_CONVERSION = YES;
				CLANG_WARN_INFINITE_RECURSION = YES;
				CLANG_WARN_INT_CONVERSION = YES;
				CLANG_WARN_NON_LITERAL_NULL_CONVERSION = YES;
				CLANG_WARN_OBJC_IMPLICIT_RETAIN_SELF = YES;
				CLANG_WARN_OBJC_LITERAL_CONVERSION = YES;
				CLANG_WARN_OBJC_ROOT_CLASS = YES_ERROR;
				CLANG_WARN_QUOTED_INCLUDE_IN_FRAMEWORK_HEADER = YES;
				CLANG_WARN_RANGE_LOOP_ANALYSIS = YES;
				CLANG_WARN_STRICT_PROTOTYPES = YES;
				CLANG_WARN_SUSPICIOUS_MOVE = YES;
				CLANG_WARN_UNGUARDED_AVAILABILITY = YES_AGGRESSIVE;
				CLANG_WARN_UNREACHABLE_CODE = YES;
				CLANG_WARN__DUPLICATE_METHOD_MATCH = YES;
				COPY_PHASE_STRIP = NO;
				DEBUG_INFORMATION_FORMAT = dwarf;
				ENABLE_STRICT_OBJC_MSGSEND = YES;
				ENABLE_TESTABILITY = YES;
				GCC_C_LANGUAGE_STANDARD = gnu11;
				GCC_DYNAMIC_NO_PIC = NO;
				GCC_NO_COMMON_BLOCKS = YES;
				GCC_OPTIMIZATION_LEVEL = 0;
				GCC_PREPROCESSOR_DEFINITIONS = (
					"DEBUG=1",
					"$(inherited)",
				);
				GCC_WARN_64_TO_32_BIT_CONVERSION = YES;
				GCC_WARN_ABOUT_RETURN_TYPE = YES_ERROR;
				GCC_WARN_UNDECLARED_SELECTOR = YES;
				GCC_WARN_UNINITIALIZED_AUTOS = YES_AGGRESSIVE;
				GCC_WARN_UNUSED_FUNCTION = YES;
				GCC_WARN_UNUSED_VARIABLE = YES;
				IPHONEOS_DEPLOYMENT_TARGET = 16.0;
				MTL_ENABLE_DEBUG_INFO = INCLUDE_SOURCE;
				MTL_FAST_MATH = YES;
				ONLY_ACTIVE_ARCH = YES;
				SDKROOT = iphoneos;
				SWIFT_ACTIVE_COMPILATION_CONDITIONS = DEBUG;
				SWIFT_OPTIMIZATION_LEVEL = "-Onone";
			};
			name = Debug;
		};
		74C646B22927CF1400BEF360 /* Release */ = {
			isa = XCBuildConfiguration;
			buildSettings = {
				ALWAYS_SEARCH_USER_PATHS = NO;
				CLANG_ANALYZER_NONNULL = YES;
				CLANG_ANALYZER_NUMBER_OBJECT_CONVERSION = YES_AGGRESSIVE;
				CLANG_CXX_LANGUAGE_STANDARD = "gnu++20";
				CLANG_ENABLE_MODULES = YES;
				CLANG_ENABLE_OBJC_ARC = YES;
				CLANG_ENABLE_OBJC_WEAK = YES;
				CLANG_WARN_BLOCK_CAPTURE_AUTORELEASING = YES;
				CLANG_WARN_BOOL_CONVERSION = YES;
				CLANG_WARN_COMMA = YES;
				CLANG_WARN_CONSTANT_CONVERSION = YES;
				CLANG_WARN_DEPRECATED_OBJC_IMPLEMENTATIONS = YES;
				CLANG_WARN_DIRECT_OBJC_ISA_USAGE = YES_ERROR;
				CLANG_WARN_DOCUMENTATION_COMMENTS = YES;
				CLANG_WARN_EMPTY_BODY = YES;
				CLANG_WARN_ENUM_CONVERSION = YES;
				CLANG_WARN_INFINITE_RECURSION = YES;
				CLANG_WARN_INT_CONVERSION = YES;
				CLANG_WARN_NON_LITERAL_NULL_CONVERSION = YES;
				CLANG_WARN_OBJC_IMPLICIT_RETAIN_SELF = YES;
				CLANG_WARN_OBJC_LITERAL_CONVERSION = YES;
				CLANG_WARN_OBJC_ROOT_CLASS = YES_ERROR;
				CLANG_WARN_QUOTED_INCLUDE_IN_FRAMEWORK_HEADER = YES;
				CLANG_WARN_RANGE_LOOP_ANALYSIS = YES;
				CLANG_WARN_STRICT_PROTOTYPES = YES;
				CLANG_WARN_SUSPICIOUS_MOVE = YES;
				CLANG_WARN_UNGUARDED_AVAILABILITY = YES_AGGRESSIVE;
				CLANG_WARN_UNREACHABLE_CODE = YES;
				CLANG_WARN__DUPLICATE_METHOD_MATCH = YES;
				COPY_PHASE_STRIP = NO;
				DEBUG_INFORMATION_FORMAT = "dwarf-with-dsym";
				ENABLE_NS_ASSERTIONS = NO;
				ENABLE_STRICT_OBJC_MSGSEND = YES;
				GCC_C_LANGUAGE_STANDARD = gnu11;
				GCC_NO_COMMON_BLOCKS = YES;
				GCC_WARN_64_TO_32_BIT_CONVERSION = YES;
				GCC_WARN_ABOUT_RETURN_TYPE = YES_ERROR;
				GCC_WARN_UNDECLARED_SELECTOR = YES;
				GCC_WARN_UNINITIALIZED_AUTOS = YES_AGGRESSIVE;
				GCC_WARN_UNUSED_FUNCTION = YES;
				GCC_WARN_UNUSED_VARIABLE = YES;
				IPHONEOS_DEPLOYMENT_TARGET = 16.0;
				MTL_ENABLE_DEBUG_INFO = NO;
				MTL_FAST_MATH = YES;
				SDKROOT = iphoneos;
				SWIFT_COMPILATION_MODE = wholemodule;
				SWIFT_OPTIMIZATION_LEVEL = "-O";
				VALIDATE_PRODUCT = YES;
			};
			name = Release;
		};
		74C646B42927CF1400BEF360 /* Debug */ = {
			isa = XCBuildConfiguration;
			buildSettings = {
				ASSETCATALOG_COMPILER_APPICON_NAME = AppIcon;
				ASSETCATALOG_COMPILER_GLOBAL_ACCENT_COLOR_NAME = AccentColor;
				CODE_SIGN_STYLE = Automatic;
				CURRENT_PROJECT_VERSION = 1;
				DEVELOPMENT_ASSET_PATHS = "\"WordSpin/Preview Content\"";
				DEVELOPMENT_TEAM = 3UR85MK9RT;
				ENABLE_PREVIEWS = YES;
				GENERATE_INFOPLIST_FILE = YES;
				INFOPLIST_KEY_UIApplicationSceneManifest_Generation = YES;
				INFOPLIST_KEY_UIApplicationSupportsIndirectInputEvents = YES;
				INFOPLIST_KEY_UILaunchScreen_Generation = YES;
				INFOPLIST_KEY_UISupportedInterfaceOrientations_iPad = "UIInterfaceOrientationPortrait UIInterfaceOrientationPortraitUpsideDown UIInterfaceOrientationLandscapeLeft UIInterfaceOrientationLandscapeRight";
				INFOPLIST_KEY_UISupportedInterfaceOrientations_iPhone = "UIInterfaceOrientationPortrait UIInterfaceOrientationLandscapeLeft UIInterfaceOrientationLandscapeRight";
				LD_RUNPATH_SEARCH_PATHS = (
					"$(inherited)",
					"@executable_path/Frameworks",
				);
				MARKETING_VERSION = 1.0;
				PRODUCT_BUNDLE_IDENTIFIER = com.CoryTripathy.WordSpin;
				PRODUCT_NAME = "$(TARGET_NAME)";
				SWIFT_EMIT_LOC_STRINGS = YES;
				SWIFT_VERSION = 5.0;
				TARGETED_DEVICE_FAMILY = "1,2";
			};
			name = Debug;
		};
		74C646B52927CF1400BEF360 /* Release */ = {
			isa = XCBuildConfiguration;
			buildSettings = {
				ASSETCATALOG_COMPILER_APPICON_NAME = AppIcon;
				ASSETCATALOG_COMPILER_GLOBAL_ACCENT_COLOR_NAME = AccentColor;
				CODE_SIGN_STYLE = Automatic;
				CURRENT_PROJECT_VERSION = 1;
				DEVELOPMENT_ASSET_PATHS = "\"WordSpin/Preview Content\"";
				DEVELOPMENT_TEAM = 3UR85MK9RT;
				ENABLE_PREVIEWS = YES;
				GENERATE_INFOPLIST_FILE = YES;
				INFOPLIST_KEY_UIApplicationSceneManifest_Generation = YES;
				INFOPLIST_KEY_UIApplicationSupportsIndirectInputEvents = YES;
				INFOPLIST_KEY_UILaunchScreen_Generation = YES;
				INFOPLIST_KEY_UISupportedInterfaceOrientations_iPad = "UIInterfaceOrientationPortrait UIInterfaceOrientationPortraitUpsideDown UIInterfaceOrientationLandscapeLeft UIInterfaceOrientationLandscapeRight";
				INFOPLIST_KEY_UISupportedInterfaceOrientations_iPhone = "UIInterfaceOrientationPortrait UIInterfaceOrientationLandscapeLeft UIInterfaceOrientationLandscapeRight";
				LD_RUNPATH_SEARCH_PATHS = (
					"$(inherited)",
					"@executable_path/Frameworks",
				);
				MARKETING_VERSION = 1.0;
				PRODUCT_BUNDLE_IDENTIFIER = com.CoryTripathy.WordSpin;
				PRODUCT_NAME = "$(TARGET_NAME)";
				SWIFT_EMIT_LOC_STRINGS = YES;
				SWIFT_VERSION = 5.0;
				TARGETED_DEVICE_FAMILY = "1,2";
			};
			name = Release;
		};
/* End XCBuildConfiguration section */

/* Begin XCConfigurationList section */
		74C646A02927CF1300BEF360 /* Build configuration list for PBXProject "WordSpin" */ = {
			isa = XCConfigurationList;
			buildConfigurations = (
				74C646B12927CF1400BEF360 /* Debug */,
				74C646B22927CF1400BEF360 /* Release */,
			);
			defaultConfigurationIsVisible = 0;
			defaultConfigurationName = Release;
		};
		74C646B32927CF1400BEF360 /* Build configuration list for PBXNativeTarget "WordSpin" */ = {
			isa = XCConfigurationList;
			buildConfigurations = (
				74C646B42927CF1400BEF360 /* Debug */,
				74C646B52927CF1400BEF360 /* Release */,
			);
			defaultConfigurationIsVisible = 0;
			defaultConfigurationName = Release;
		};
/* End XCConfigurationList section */

/* Begin XCRemoteSwiftPackageReference section */
		74D5677F2934F6DC0001BEE3 /* XCRemoteSwiftPackageReference "lottie-ios" */ = {
			isa = XCRemoteSwiftPackageReference;
			repositoryURL = "https://github.com/airbnb/lottie-ios.git";
			requirement = {
				kind = upToNextMajorVersion;
				minimumVersion = 3.0.0;
			};
		};
/* End XCRemoteSwiftPackageReference section */

/* Begin XCSwiftPackageProductDependency section */
		74D567802934F6DC0001BEE3 /* Lottie */ = {
			isa = XCSwiftPackageProductDependency;
			package = 74D5677F2934F6DC0001BEE3 /* XCRemoteSwiftPackageReference "lottie-ios" */;
			productName = Lottie;
		};
/* End XCSwiftPackageProductDependency section */
	};
	rootObject = 74C6469D2927CF1300BEF360 /* Project object */;
}
